{
    "_readme": [
        "This file locks the dependencies of your project to a known state",
        "This is a minimal lock file for buildpack testing"
    ],
    "content-hash": "0000000000000000000000000000000000000000",
    "packages": [],
    "packages-dev": [],
    "aliases": [],
    "minimum-stability": "stable",
    "stability-flags": [],
    "prefer-stable": false,
    "prefer-lowest": false,
    "platform": {
        "php": "^8.4"
    },
    "platform-dev": [],
    "plugin-api-version": "2.6.0"
}
